
Microsoft Visual Studio Solution File, Format Version 12.00
# Visual Studio Version 17
VisualStudioVersion = 17.8.34316.72
MinimumVisualStudioVersion = 10.0.40219.1
Project("{9A19103F-16F7-4668-BE54-9A1E7A4F7556}") = "LAB8", "LAB8\LAB8.csproj", "{3AD24C16-1020-420D-8DBC-8FC6029C4ACF}"
EndProject
Project("{FAE04EC0-301F-11D3-BF4B-00C04F79EFBC}") = "Searcher", "ConsoleApp1\Searcher.csproj", "{AA689877-0AA8-49E6-89B0-E1209964CC42}"
EndProject
Global
	GlobalSection(SolutionConfigurationPlatforms) = preSolution
		Debug|Any CPU = Debug|Any CPU
		Release|Any CPU = Release|Any CPU
	EndGlobalSection
	GlobalSection(ProjectConfigurationPlatforms) = postSolution
		{3AD24C16-1020-420D-8DBC-8FC6029C4ACF}.Debug|Any CPU.ActiveCfg = Debug|Any CPU
		{3AD24C16-1020-420D-8DBC-8FC6029C4ACF}.Debug|Any CPU.Build.0 = Debug|Any CPU
		{3AD24C16-1020-420D-8DBC-8FC6029C4ACF}.Release|Any CPU.ActiveCfg = Release|Any CPU
		{3AD24C16-1020-420D-8DBC-8FC6029C4ACF}.Release|Any CPU.Build.0 = Release|Any CPU
		{AA689877-0AA8-49E6-89B0-E1209964CC42}.Debug|Any CPU.ActiveCfg = Debug|Any CPU
		{AA689877-0AA8-49E6-89B0-E1209964CC42}.Debug|Any CPU.Build.0 = Debug|Any CPU
		{AA689877-0AA8-49E6-89B0-E1209964CC42}.Release|Any CPU.ActiveCfg = Release|Any CPU
		{AA689877-0AA8-49E6-89B0-E1209964CC42}.Release|Any CPU.Build.0 = Release|Any CPU
	EndGlobalSection
	GlobalSection(SolutionProperties) = preSolution
		HideSolutionNode = FALSE
	EndGlobalSection
	GlobalSection(ExtensibilityGlobals) = postSolution
		SolutionGuid = {28AF91C7-B4B0-4932-A786-962A73248611}
	EndGlobalSection
EndGlobal
