
Microsoft Visual Studio Solution File, Format Version 12.00
# Visual Studio Version 17
VisualStudioVersion = 17.7.34024.191
MinimumVisualStudioVersion = 10.0.40219.1
Project("{FAE04EC0-301F-11D3-BF4B-00C04F79EFBC}") = "LAB2", "LAB2\LAB2.csproj", "{88238472-3EC7-4CBE-9129-4A32CC4A233A}"
EndProject
Global
	GlobalSection(SolutionConfigurationPlatforms) = preSolution
		Debug|Any CPU = Debug|Any CPU
		Release|Any CPU = Release|Any CPU
	EndGlobalSection
	GlobalSection(ProjectConfigurationPlatforms) = postSolution
		{88238472-3EC7-4CBE-9129-4A32CC4A233A}.Debug|Any CPU.ActiveCfg = Debug|Any CPU
		{88238472-3EC7-4CBE-9129-4A32CC4A233A}.Debug|Any CPU.Build.0 = Debug|Any CPU
		{88238472-3EC7-4CBE-9129-4A32CC4A233A}.Release|Any CPU.ActiveCfg = Release|Any CPU
		{88238472-3EC7-4CBE-9129-4A32CC4A233A}.Release|Any CPU.Build.0 = Release|Any CPU
	EndGlobalSection
	GlobalSection(SolutionProperties) = preSolution
		HideSolutionNode = FALSE
	EndGlobalSection
	GlobalSection(ExtensibilityGlobals) = postSolution
		SolutionGuid = {BD7BB59C-258F-4467-9DFD-5243DC2F1180}
	EndGlobalSection
EndGlobal
