
Microsoft Visual Studio Solution File, Format Version 12.00
# Visual Studio Version 17
VisualStudioVersion = 17.8.34330.188
MinimumVisualStudioVersion = 10.0.40219.1
Project("{FAE04EC0-301F-11D3-BF4B-00C04F79EFBC}") = "LAB13.Android", "LAB13\LAB13.Android\LAB13.Android.csproj", "{31438BE5-D683-45C7-B17E-29D4064EC495}"
EndProject
Project("{FAE04EC0-301F-11D3-BF4B-00C04F79EFBC}") = "LAB13", "LAB13\LAB13\LAB13.csproj", "{15767D9B-A26D-4556-B2A7-66E84D88C370}"
EndProject
Global
	GlobalSection(SolutionConfigurationPlatforms) = preSolution
		Debug|Any CPU = Debug|Any CPU
		Release|Any CPU = Release|Any CPU
	EndGlobalSection
	GlobalSection(ProjectConfigurationPlatforms) = postSolution
		{31438BE5-D683-45C7-B17E-29D4064EC495}.Debug|Any CPU.ActiveCfg = Debug|Any CPU
		{31438BE5-D683-45C7-B17E-29D4064EC495}.Debug|Any CPU.Build.0 = Debug|Any CPU
		{31438BE5-D683-45C7-B17E-29D4064EC495}.Debug|Any CPU.Deploy.0 = Debug|Any CPU
		{31438BE5-D683-45C7-B17E-29D4064EC495}.Release|Any CPU.ActiveCfg = Release|Any CPU
		{31438BE5-D683-45C7-B17E-29D4064EC495}.Release|Any CPU.Build.0 = Release|Any CPU
		{31438BE5-D683-45C7-B17E-29D4064EC495}.Release|Any CPU.Deploy.0 = Release|Any CPU
		{15767D9B-A26D-4556-B2A7-66E84D88C370}.Debug|Any CPU.ActiveCfg = Debug|Any CPU
		{15767D9B-A26D-4556-B2A7-66E84D88C370}.Debug|Any CPU.Build.0 = Debug|Any CPU
		{15767D9B-A26D-4556-B2A7-66E84D88C370}.Debug|Any CPU.Deploy.0 = Debug|Any CPU
		{15767D9B-A26D-4556-B2A7-66E84D88C370}.Release|Any CPU.ActiveCfg = Release|Any CPU
		{15767D9B-A26D-4556-B2A7-66E84D88C370}.Release|Any CPU.Build.0 = Release|Any CPU
		{15767D9B-A26D-4556-B2A7-66E84D88C370}.Release|Any CPU.Deploy.0 = Release|Any CPU
	EndGlobalSection
	GlobalSection(SolutionProperties) = preSolution
		HideSolutionNode = FALSE
	EndGlobalSection
	GlobalSection(ExtensibilityGlobals) = postSolution
		SolutionGuid = {3E21BD87-B00E-4B6B-8336-05EBCD81F604}
	EndGlobalSection
EndGlobal
